{
    "_readme": [
        "This file locks the dependencies of your project to a known state",
        "Read more about it at https://getcomposer.org/doc/01-basic-usage.md#installing-dependencies",
        "This file is @generated automatically"
    ],
    "content-hash": "6a3d53b258938a74541e85c9fdcece58",
    "packages": [
        {
            "name": "verdient/chorus",
            "version": "0.0.5",
            "source": {
                "type": "git",
                "url": "https://github.com/Verdient/chorus.git",
                "reference": "8d7765d442cd6ff6b45a55fe24d27648aad30bc6"
            },
            "dist": {
                "type": "zip",
                "url": "https://api.github.com/repos/Verdient/chorus/zipball/8d7765d442cd6ff6b45a55fe24d27648aad30bc6",
                "reference": "8d7765d442cd6ff6b45a55fe24d27648aad30bc6",
                "shasum": "",
                "mirrors": [
                    {
                        "url": "https://mirrors.aliyun.com/composer/dists/%package%/%reference%.%type%",
                        "preferred": true
                    }
                ]
            },
            "require": {
                "php": ">=7.0.0"
            },
            "type": "library",
            "autoload": {
                "psr-4": {
                    "chorus\\": "src"
                }
            },
            "notification-url": "https://packagist.org/downloads/",
            "license": [
                "MIT"
            ],
            "authors": [
                {
                    "name": "Verdient.",
                    "email": "fagui.zhu@foxmail.com",
                    "homepage": "https://github.com/Verdient"
                }
            ],
            "description": "Something basic but amazing",
            "homepage": "https://github.com/Verdient/chorus",
            "keywords": [
                "base",
                "basic",
                "support"
            ],
            "time": "2020-02-11T13:05:18+00:00"
        }
    ],
    "packages-dev": [],
    "aliases": [],
    "minimum-stability": "stable",
    "stability-flags": [],
    "prefer-stable": false,
    "prefer-lowest": false,
    "platform": {
        "php": ">=7.0.0"
    },
    "platform-dev": []
}
